
Microsoft Visual Studio Solution File, Format Version 10.00
# Visual Studio 2008
Project("{FAE04EC0-301F-11D3-BF4B-00C04F79EFBC}") = "rtg", "rtg\rtg.csproj", "{5ACD0B96-9E2D-4076-9620-20DB48EF06A6}"
EndProject
Project("{FAE04EC0-301F-11D3-BF4B-00C04F79EFBC}") = "rtg.Tests", "rtg.Tests\rtg.Tests.csproj", "{CAA5BF8A-3CF2-4075-99E3-C9D6CA45F897}"
EndProject
Global
	GlobalSection(SolutionConfigurationPlatforms) = preSolution
		Debug|Any CPU = Debug|Any CPU
		Release|Any CPU = Release|Any CPU
	EndGlobalSection
	GlobalSection(ProjectConfigurationPlatforms) = postSolution
		{5ACD0B96-9E2D-4076-9620-20DB48EF06A6}.Debug|Any CPU.ActiveCfg = Debug|Any CPU
		{5ACD0B96-9E2D-4076-9620-20DB48EF06A6}.Debug|Any CPU.Build.0 = Debug|Any CPU
		{5ACD0B96-9E2D-4076-9620-20DB48EF06A6}.Release|Any CPU.ActiveCfg = Release|Any CPU
		{5ACD0B96-9E2D-4076-9620-20DB48EF06A6}.Release|Any CPU.Build.0 = Release|Any CPU
		{CAA5BF8A-3CF2-4075-99E3-C9D6CA45F897}.Debug|Any CPU.ActiveCfg = Debug|Any CPU
		{CAA5BF8A-3CF2-4075-99E3-C9D6CA45F897}.Debug|Any CPU.Build.0 = Debug|Any CPU
		{CAA5BF8A-3CF2-4075-99E3-C9D6CA45F897}.Release|Any CPU.ActiveCfg = Release|Any CPU
		{CAA5BF8A-3CF2-4075-99E3-C9D6CA45F897}.Release|Any CPU.Build.0 = Release|Any CPU
	EndGlobalSection
	GlobalSection(SolutionProperties) = preSolution
		HideSolutionNode = FALSE
	EndGlobalSection
EndGlobal
